{
  "name": "20_vue2.0",
  "version": "1.0.0",
  "lockfileVersion": 2,
  "requires": true,
  "packages": {
    "": {
      "name": "20_vue2.0",
      "version": "1.0.0",
      "license": "ISC",
      "dependencies": {
        "zk309": "^1.0.1"
      },
      "devDependencies": {}
    },
    "node_modules/zk309": {
      "version": "1.0.1",
      "resolved": "https://registry.npmjs.org/zk309/-/zk309-1.0.1.tgz",
      "integrity": "sha512-x8SjzY9qovDhdvvuhr5/GlIejeoQ8TaCgCN6Phjn+JXitzGKzOZQNgZAUsppx14e+7j9PmngSCB9N5p97BsQsA=="
    }
  },
  "dependencies": {
    "zk309": {
      "version": "1.0.1",
      "resolved": "https://registry.npmjs.org/zk309/-/zk309-1.0.1.tgz",
      "integrity": "sha512-x8SjzY9qovDhdvvuhr5/GlIejeoQ8TaCgCN6Phjn+JXitzGKzOZQNgZAUsppx14e+7j9PmngSCB9N5p97BsQsA=="
    }
  }
}
